{
  "name": "federation-defer-poc",
  "version": "0.1.0",
  "lockfileVersion": 3,
  "requires": true,
  "packages": {
    "": {
      "name": "federation-defer-poc",
      "version": "0.1.0",
      "dependencies": {
        "graphql": "^17.0.0-alpha.2"
      }
    },
    "node_modules/graphql": {
      "version": "17.0.0-alpha.3",
      "resolved": "https://registry.npmjs.org/graphql/-/graphql-17.0.0-alpha.3.tgz",
      "integrity": "sha512-+3gX29B8lQ3Q1KkABSgy6CyBF7nTMObd6EHwcIHg4Pkz03D5hy/eJiHjD/io68+ti3goJmpF+OLJXKaUkgReXg==",
      "engines": {
        "node": "^16.19.0 || ^18.14.0 || >=19.7.0"
      }
    }
  }
}
